{
  "version": 4,
  "terraform_version": "1.9.8",
  "serial": 13,
  "lineage": "80db6e69-2b74-dfe4-179d-9b13033053de",
  "outputs": {
    "api_url": {
      "value": "weather-dashboard-api.azurewebsites.net",
      "type": "string"
    },
    "resource_group_name": {
      "value": "weather-dashboard-rg",
      "type": "string"
    },
    "web_url": {
      "value": "weather-dashboard-web.azurewebsites.net",
      "type": "string"
    }
  },
  "resources": [
    {
      "mode": "data",
      "type": "azurerm_client_config",
      "name": "current",
      "provider": "provider[\"registry.terraform.io/hashicorp/azurerm\"]",
      "instances": [
        {
          "schema_version": 0,
          "attributes": {
            "client_id": "04b07795-8ddb-461a-bbee-02f9e1bf7b46",
            "id": "Y2xpZW50Q29uZmlncy9jbGllbnRJZD0wNGIwNzc5NS04ZGRiLTQ2MWEtYmJlZS0wMmY5ZTFiZjdiNDY7b2JqZWN0SWQ9MTZkODg3NjktYTk1Yi00Y2MyLTkyMzYtYmU2Y2I3ZjZkNjdkO3N1YnNjcmlwdGlvbklkPWJjZDMyMjBjLTM0N2EtNDM2OC04YzZlLTBhMTQxNzQ2MzEyOTt0ZW5hbnRJZD0zMjhkNmMwZC0wZjJmLTRiNzYtOTMxMC05NzYyYmExYzNlMmQ=",
            "object_id": "16d88769-a95b-4cc2-9236-be6cb7f6d67d",
            "subscription_id": "bcd3220c-347a-4368-8c6e-0a1417463129",
            "tenant_id": "328d6c0d-0f2f-4b76-9310-9762ba1c3e2d",
            "timeouts": null
          },
          "sensitive_attributes": []
        }
      ]
    },
    {
      "mode": "managed",
      "type": "azurerm_key_vault",
      "name": "kv",
      "provider": "provider[\"registry.terraform.io/hashicorp/azurerm\"]",
      "instances": [
        {
          "schema_version": 2,
          "attributes": {
            "access_policy": [],
            "contact": [],
            "enable_rbac_authorization": false,
            "enabled_for_deployment": false,
            "enabled_for_disk_encryption": false,
            "enabled_for_template_deployment": false,
            "id": "/subscriptions/bcd3220c-347a-4368-8c6e-0a1417463129/resourceGroups/weather-dashboard-rg/providers/Microsoft.KeyVault/vaults/weather-kv-wbow",
            "location": "eastus",
            "name": "weather-kv-wbow",
            "network_acls": [
              {
                "bypass": "AzureServices",
                "default_action": "Allow",
                "ip_rules": [],
                "virtual_network_subnet_ids": []
              }
            ],
            "public_network_access_enabled": true,
            "purge_protection_enabled": false,
            "resource_group_name": "weather-dashboard-rg",
            "sku_name": "standard",
            "soft_delete_retention_days": 90,
            "tags": null,
            "tenant_id": "328d6c0d-0f2f-4b76-9310-9762ba1c3e2d",
            "timeouts": null,
            "vault_uri": "https://weather-kv-wbow.vault.azure.net/"
          },
          "sensitive_attributes": [],
          "private": "eyJlMmJmYjczMC1lY2FhLTExZTYtOGY4OC0zNDM2M2JjN2M0YzAiOnsiY3JlYXRlIjoxODAwMDAwMDAwMDAwLCJkZWxldGUiOjE4MDAwMDAwMDAwMDAsInJlYWQiOjMwMDAwMDAwMDAwMCwidXBkYXRlIjoxODAwMDAwMDAwMDAwfSwic2NoZW1hX3ZlcnNpb24iOiIyIn0=",
          "dependencies": [
            "azurerm_resource_group.weather_dashboard_rg",
            "data.azurerm_client_config.current",
            "random_string.unique_id"
          ]
        }
      ]
    },
    {
      "mode": "managed",
      "type": "azurerm_resource_group",
      "name": "weather_dashboard_rg",
      "provider": "provider[\"registry.terraform.io/hashicorp/azurerm\"]",
      "instances": [
        {
          "schema_version": 0,
          "attributes": {
            "id": "/subscriptions/bcd3220c-347a-4368-8c6e-0a1417463129/resourceGroups/weather-dashboard-rg",
            "location": "eastus",
            "managed_by": "",
            "name": "weather-dashboard-rg",
            "tags": {},
            "timeouts": null
          },
          "sensitive_attributes": [],
          "private": "eyJlMmJmYjczMC1lY2FhLTExZTYtOGY4OC0zNDM2M2JjN2M0YzAiOnsiY3JlYXRlIjo1NDAwMDAwMDAwMDAwLCJkZWxldGUiOjU0MDAwMDAwMDAwMDAsInJlYWQiOjMwMDAwMDAwMDAwMCwidXBkYXRlIjo1NDAwMDAwMDAwMDAwfX0="
        }
      ]
    },
    {
      "mode": "managed",
      "type": "azurerm_service_plan",
      "name": "app_plan",
      "provider": "provider[\"registry.terraform.io/hashicorp/azurerm\"]",
      "instances": [
        {
          "schema_version": 1,
          "attributes": {
            "app_service_environment_id": "",
            "id": "/subscriptions/bcd3220c-347a-4368-8c6e-0a1417463129/resourceGroups/weather-dashboard-rg/providers/Microsoft.Web/serverFarms/weather-app-plan",
            "kind": "app",
            "location": "eastus",
            "maximum_elastic_worker_count": 1,
            "name": "weather-app-plan",
            "os_type": "Windows",
            "per_site_scaling_enabled": false,
            "reserved": false,
            "resource_group_name": "weather-dashboard-rg",
            "sku_name": "B1",
            "tags": {},
            "timeouts": null,
            "worker_count": 1,
            "zone_balancing_enabled": false
          },
          "sensitive_attributes": [],
          "private": "eyJlMmJmYjczMC1lY2FhLTExZTYtOGY4OC0zNDM2M2JjN2M0YzAiOnsiY3JlYXRlIjozNjAwMDAwMDAwMDAwLCJkZWxldGUiOjM2MDAwMDAwMDAwMDAsInJlYWQiOjMwMDAwMDAwMDAwMCwidXBkYXRlIjozNjAwMDAwMDAwMDAwfSwic2NoZW1hX3ZlcnNpb24iOiIxIn0=",
          "dependencies": [
            "azurerm_resource_group.weather_dashboard_rg"
          ]
        }
      ]
    },
    {
      "mode": "managed",
      "type": "azurerm_windows_web_app",
      "name": "api",
      "provider": "provider[\"registry.terraform.io/hashicorp/azurerm\"]",
      "instances": [
        {
          "schema_version": 1,
          "attributes": {
            "app_settings": {},
            "auth_settings": [],
            "auth_settings_v2": [],
            "backup": [],
            "client_affinity_enabled": false,
            "client_certificate_enabled": false,
            "client_certificate_exclusion_paths": "",
            "client_certificate_mode": "Required",
            "connection_string": [],
            "custom_domain_verification_id": "7458EB5712B391DC2CADACB55308E3B416D9F82207608B5106D117E87CBB9EE6",
            "default_hostname": "weather-dashboard-api.azurewebsites.net",
            "enabled": true,
            "ftp_publish_basic_authentication_enabled": true,
            "hosting_environment_id": "",
            "https_only": false,
            "id": "/subscriptions/bcd3220c-347a-4368-8c6e-0a1417463129/resourceGroups/weather-dashboard-rg/providers/Microsoft.Web/sites/weather-dashboard-api",
            "identity": [],
            "key_vault_reference_identity_id": "SystemAssigned",
            "kind": "app",
            "location": "eastus",
            "logs": [],
            "name": "weather-dashboard-api",
            "outbound_ip_address_list": [
              "4.157.53.232",
              "4.157.53.245",
              "4.157.54.16",
              "4.157.54.20",
              "4.157.54.50",
              "4.157.54.57",
              "4.157.55.145",
              "20.75.247.126",
              "4.255.32.56",
              "4.255.32.57",
              "20.75.246.246",
              "20.72.190.119",
              "4.156.234.213",
              "20.75.241.16",
              "4.255.34.179",
              "4.255.34.181",
              "4.255.35.112",
              "4.255.35.122",
              "4.255.35.123",
              "20.119.16.51"
            ],
            "outbound_ip_addresses": "4.157.53.232,4.157.53.245,4.157.54.16,4.157.54.20,4.157.54.50,4.157.54.57,4.157.55.145,20.75.247.126,4.255.32.56,4.255.32.57,20.75.246.246,20.72.190.119,4.156.234.213,20.75.241.16,4.255.34.179,4.255.34.181,4.255.35.112,4.255.35.122,4.255.35.123,20.119.16.51",
            "possible_outbound_ip_address_list": [
              "4.157.53.232",
              "4.157.53.245",
              "4.157.54.16",
              "4.157.54.20",
              "4.157.54.50",
              "4.157.54.57",
              "4.157.55.145",
              "20.75.247.126",
              "4.255.32.56",
              "4.255.32.57",
              "20.75.246.246",
              "20.72.190.119",
              "4.156.234.213",
              "20.75.241.16",
              "4.255.34.179",
              "4.255.34.181",
              "4.255.35.112",
              "4.255.35.122",
              "4.255.35.123",
              "4.157.54.63",
              "4.157.54.101",
              "4.157.54.103",
              "4.157.54.112",
              "4.157.54.119",
              "4.157.54.121",
              "4.157.54.182",
              "4.157.55.30",
              "4.157.52.238",
              "4.157.51.246",
              "4.157.55.41",
              "4.157.55.63",
              "4.157.55.70",
              "4.157.55.128",
              "4.157.55.130",
              "4.157.55.136",
              "4.157.55.139",
              "4.157.52.129",
              "20.75.245.88",
              "4.255.35.124",
              "4.255.35.125",
              "4.255.36.8",
              "4.255.36.9",
              "20.75.246.1",
              "20.119.16.51"
            ],
            "possible_outbound_ip_addresses": "4.157.53.232,4.157.53.245,4.157.54.16,4.157.54.20,4.157.54.50,4.157.54.57,4.157.55.145,20.75.247.126,4.255.32.56,4.255.32.57,20.75.246.246,20.72.190.119,4.156.234.213,20.75.241.16,4.255.34.179,4.255.34.181,4.255.35.112,4.255.35.122,4.255.35.123,4.157.54.63,4.157.54.101,4.157.54.103,4.157.54.112,4.157.54.119,4.157.54.121,4.157.54.182,4.157.55.30,4.157.52.238,4.157.51.246,4.157.55.41,4.157.55.63,4.157.55.70,4.157.55.128,4.157.55.130,4.157.55.136,4.157.55.139,4.157.52.129,20.75.245.88,4.255.35.124,4.255.35.125,4.255.36.8,4.255.36.9,20.75.246.1,20.119.16.51",
            "public_network_access_enabled": true,
            "resource_group_name": "weather-dashboard-rg",
            "service_plan_id": "/subscriptions/bcd3220c-347a-4368-8c6e-0a1417463129/resourceGroups/weather-dashboard-rg/providers/Microsoft.Web/serverFarms/weather-app-plan",
            "site_config": [
              {
                "always_on": true,
                "api_definition_url": "",
                "api_management_api_id": "",
                "app_command_line": "",
                "application_stack": [
                  {
                    "current_stack": "",
                    "docker_image_name": "",
                    "docker_registry_password": "",
                    "docker_registry_url": "",
                    "docker_registry_username": "",
                    "dotnet_core_version": "",
                    "dotnet_version": "v7.0",
                    "java_container": "",
                    "java_container_version": "",
                    "java_embedded_server_enabled": false,
                    "java_version": "",
                    "node_version": "",
                    "php_version": "5.6",
                    "python": false,
                    "tomcat_version": ""
                  }
                ],
                "auto_heal_setting": [],
                "container_registry_managed_identity_client_id": "",
                "container_registry_use_managed_identity": false,
                "cors": [],
                "default_documents": [
                  "Default.htm",
                  "Default.html",
                  "Default.asp",
                  "index.htm",
                  "index.html",
                  "iisstart.htm",
                  "default.aspx",
                  "index.php",
                  "hostingstart.html"
                ],
                "detailed_error_logging_enabled": false,
                "ftps_state": "Disabled",
                "handler_mapping": [],
                "health_check_eviction_time_in_min": 0,
                "health_check_path": "",
                "http2_enabled": false,
                "ip_restriction": [],
                "ip_restriction_default_action": "Allow",
                "linux_fx_version": "",
                "load_balancing_mode": "LeastRequests",
                "local_mysql_enabled": false,
                "managed_pipeline_mode": "Integrated",
                "minimum_tls_version": "1.2",
                "remote_debugging_enabled": false,
                "remote_debugging_version": "VS2022",
                "scm_ip_restriction": [],
                "scm_ip_restriction_default_action": "Allow",
                "scm_minimum_tls_version": "1.2",
                "scm_type": "None",
                "scm_use_main_ip_restriction": false,
                "use_32_bit_worker": true,
                "virtual_application": [],
                "vnet_route_all_enabled": false,
                "websockets_enabled": false,
                "windows_fx_version": "",
                "worker_count": 1
              }
            ],
            "site_credential": [
              {
                "name": "$weather-dashboard-api",
                "password": "hoHMapG1DhAugJ9o0eKXdtJLqiqkdsbf6skdjGs7G7z32MRduC9kckCzbGPe"
              }
            ],
            "sticky_settings": [],
            "storage_account": [],
            "tags": {},
            "timeouts": null,
            "virtual_network_subnet_id": "",
            "webdeploy_publish_basic_authentication_enabled": true,
            "zip_deploy_file": ""
          },
          "sensitive_attributes": [
            [
              {
                "type": "get_attr",
                "value": "custom_domain_verification_id"
              }
            ],
            [
              {
                "type": "get_attr",
                "value": "site_credential"
              }
            ],
            [
              {
                "type": "get_attr",
                "value": "site_config"
              },
              {
                "type": "index",
                "value": {
                  "value": 0,
                  "type": "number"
                }
              },
              {
                "type": "get_attr",
                "value": "application_stack"
              },
              {
                "type": "index",
                "value": {
                  "value": 0,
                  "type": "number"
                }
              },
              {
                "type": "get_attr",
                "value": "docker_registry_password"
              }
            ]
          ],
          "private": "eyJlMmJmYjczMC1lY2FhLTExZTYtOGY4OC0zNDM2M2JjN2M0YzAiOnsiY3JlYXRlIjoxODAwMDAwMDAwMDAwLCJkZWxldGUiOjE4MDAwMDAwMDAwMDAsInJlYWQiOjMwMDAwMDAwMDAwMCwidXBkYXRlIjoxODAwMDAwMDAwMDAwfSwic2NoZW1hX3ZlcnNpb24iOiIxIn0=",
          "dependencies": [
            "azurerm_resource_group.weather_dashboard_rg",
            "azurerm_service_plan.app_plan"
          ]
        }
      ]
    },
    {
      "mode": "managed",
      "type": "azurerm_windows_web_app",
      "name": "web",
      "provider": "provider[\"registry.terraform.io/hashicorp/azurerm\"]",
      "instances": [
        {
          "schema_version": 1,
          "attributes": {
            "app_settings": {},
            "auth_settings": [],
            "auth_settings_v2": [],
            "backup": [],
            "client_affinity_enabled": false,
            "client_certificate_enabled": false,
            "client_certificate_exclusion_paths": "",
            "client_certificate_mode": "Required",
            "connection_string": [],
            "custom_domain_verification_id": "7458EB5712B391DC2CADACB55308E3B416D9F82207608B5106D117E87CBB9EE6",
            "default_hostname": "weather-dashboard-web.azurewebsites.net",
            "enabled": true,
            "ftp_publish_basic_authentication_enabled": true,
            "hosting_environment_id": "",
            "https_only": false,
            "id": "/subscriptions/bcd3220c-347a-4368-8c6e-0a1417463129/resourceGroups/weather-dashboard-rg/providers/Microsoft.Web/sites/weather-dashboard-web",
            "identity": [],
            "key_vault_reference_identity_id": "SystemAssigned",
            "kind": "app",
            "location": "eastus",
            "logs": [],
            "name": "weather-dashboard-web",
            "outbound_ip_address_list": [
              "4.157.53.232",
              "4.157.53.245",
              "4.157.54.16",
              "4.157.54.20",
              "4.157.54.50",
              "4.157.54.57",
              "4.157.55.145",
              "20.75.247.126",
              "4.255.32.56",
              "4.255.32.57",
              "20.75.246.246",
              "20.72.190.119",
              "4.156.234.213",
              "20.75.241.16",
              "4.255.34.179",
              "4.255.34.181",
              "4.255.35.112",
              "4.255.35.122",
              "4.255.35.123",
              "20.119.16.51"
            ],
            "outbound_ip_addresses": "4.157.53.232,4.157.53.245,4.157.54.16,4.157.54.20,4.157.54.50,4.157.54.57,4.157.55.145,20.75.247.126,4.255.32.56,4.255.32.57,20.75.246.246,20.72.190.119,4.156.234.213,20.75.241.16,4.255.34.179,4.255.34.181,4.255.35.112,4.255.35.122,4.255.35.123,20.119.16.51",
            "possible_outbound_ip_address_list": [
              "4.157.53.232",
              "4.157.53.245",
              "4.157.54.16",
              "4.157.54.20",
              "4.157.54.50",
              "4.157.54.57",
              "4.157.55.145",
              "20.75.247.126",
              "4.255.32.56",
              "4.255.32.57",
              "20.75.246.246",
              "20.72.190.119",
              "4.156.234.213",
              "20.75.241.16",
              "4.255.34.179",
              "4.255.34.181",
              "4.255.35.112",
              "4.255.35.122",
              "4.255.35.123",
              "4.157.54.63",
              "4.157.54.101",
              "4.157.54.103",
              "4.157.54.112",
              "4.157.54.119",
              "4.157.54.121",
              "4.157.54.182",
              "4.157.55.30",
              "4.157.52.238",
              "4.157.51.246",
              "4.157.55.41",
              "4.157.55.63",
              "4.157.55.70",
              "4.157.55.128",
              "4.157.55.130",
              "4.157.55.136",
              "4.157.55.139",
              "4.157.52.129",
              "20.75.245.88",
              "4.255.35.124",
              "4.255.35.125",
              "4.255.36.8",
              "4.255.36.9",
              "20.75.246.1",
              "20.119.16.51"
            ],
            "possible_outbound_ip_addresses": "4.157.53.232,4.157.53.245,4.157.54.16,4.157.54.20,4.157.54.50,4.157.54.57,4.157.55.145,20.75.247.126,4.255.32.56,4.255.32.57,20.75.246.246,20.72.190.119,4.156.234.213,20.75.241.16,4.255.34.179,4.255.34.181,4.255.35.112,4.255.35.122,4.255.35.123,4.157.54.63,4.157.54.101,4.157.54.103,4.157.54.112,4.157.54.119,4.157.54.121,4.157.54.182,4.157.55.30,4.157.52.238,4.157.51.246,4.157.55.41,4.157.55.63,4.157.55.70,4.157.55.128,4.157.55.130,4.157.55.136,4.157.55.139,4.157.52.129,20.75.245.88,4.255.35.124,4.255.35.125,4.255.36.8,4.255.36.9,20.75.246.1,20.119.16.51",
            "public_network_access_enabled": true,
            "resource_group_name": "weather-dashboard-rg",
            "service_plan_id": "/subscriptions/bcd3220c-347a-4368-8c6e-0a1417463129/resourceGroups/weather-dashboard-rg/providers/Microsoft.Web/serverFarms/weather-app-plan",
            "site_config": [
              {
                "always_on": true,
                "api_definition_url": "",
                "api_management_api_id": "",
                "app_command_line": "",
                "application_stack": [
                  {
                    "current_stack": "",
                    "docker_image_name": "",
                    "docker_registry_password": "",
                    "docker_registry_url": "",
                    "docker_registry_username": "",
                    "dotnet_core_version": "",
                    "dotnet_version": "v7.0",
                    "java_container": "",
                    "java_container_version": "",
                    "java_embedded_server_enabled": false,
                    "java_version": "",
                    "node_version": "",
                    "php_version": "5.6",
                    "python": false,
                    "tomcat_version": ""
                  }
                ],
                "auto_heal_setting": [],
                "container_registry_managed_identity_client_id": "",
                "container_registry_use_managed_identity": false,
                "cors": [],
                "default_documents": [
                  "Default.htm",
                  "Default.html",
                  "Default.asp",
                  "index.htm",
                  "index.html",
                  "iisstart.htm",
                  "default.aspx",
                  "index.php",
                  "hostingstart.html"
                ],
                "detailed_error_logging_enabled": false,
                "ftps_state": "Disabled",
                "handler_mapping": [],
                "health_check_eviction_time_in_min": 0,
                "health_check_path": "",
                "http2_enabled": false,
                "ip_restriction": [],
                "ip_restriction_default_action": "Allow",
                "linux_fx_version": "",
                "load_balancing_mode": "LeastRequests",
                "local_mysql_enabled": false,
                "managed_pipeline_mode": "Integrated",
                "minimum_tls_version": "1.2",
                "remote_debugging_enabled": false,
                "remote_debugging_version": "VS2022",
                "scm_ip_restriction": [],
                "scm_ip_restriction_default_action": "Allow",
                "scm_minimum_tls_version": "1.2",
                "scm_type": "None",
                "scm_use_main_ip_restriction": false,
                "use_32_bit_worker": true,
                "virtual_application": [],
                "vnet_route_all_enabled": false,
                "websockets_enabled": false,
                "windows_fx_version": "",
                "worker_count": 1
              }
            ],
            "site_credential": [
              {
                "name": "$weather-dashboard-web",
                "password": "FgahpxCM11SosD13bqhwWmY0Ewvvlg6vFywXqWP6y2Rigq8uSn9rMEMoJW8h"
              }
            ],
            "sticky_settings": [],
            "storage_account": [],
            "tags": {},
            "timeouts": null,
            "virtual_network_subnet_id": "",
            "webdeploy_publish_basic_authentication_enabled": true,
            "zip_deploy_file": ""
          },
          "sensitive_attributes": [
            [
              {
                "type": "get_attr",
                "value": "site_credential"
              }
            ],
            [
              {
                "type": "get_attr",
                "value": "custom_domain_verification_id"
              }
            ],
            [
              {
                "type": "get_attr",
                "value": "site_config"
              },
              {
                "type": "index",
                "value": {
                  "value": 0,
                  "type": "number"
                }
              },
              {
                "type": "get_attr",
                "value": "application_stack"
              },
              {
                "type": "index",
                "value": {
                  "value": 0,
                  "type": "number"
                }
              },
              {
                "type": "get_attr",
                "value": "docker_registry_password"
              }
            ]
          ],
          "private": "eyJlMmJmYjczMC1lY2FhLTExZTYtOGY4OC0zNDM2M2JjN2M0YzAiOnsiY3JlYXRlIjoxODAwMDAwMDAwMDAwLCJkZWxldGUiOjE4MDAwMDAwMDAwMDAsInJlYWQiOjMwMDAwMDAwMDAwMCwidXBkYXRlIjoxODAwMDAwMDAwMDAwfSwic2NoZW1hX3ZlcnNpb24iOiIxIn0=",
          "dependencies": [
            "azurerm_resource_group.weather_dashboard_rg",
            "azurerm_service_plan.app_plan"
          ]
        }
      ]
    },
    {
      "mode": "managed",
      "type": "random_string",
      "name": "unique_id",
      "provider": "provider[\"registry.terraform.io/hashicorp/random\"]",
      "instances": [
        {
          "schema_version": 2,
          "attributes": {
            "id": "wbow",
            "keepers": null,
            "length": 4,
            "lower": true,
            "min_lower": 0,
            "min_numeric": 0,
            "min_special": 0,
            "min_upper": 0,
            "number": true,
            "numeric": true,
            "override_special": null,
            "result": "wbow",
            "special": false,
            "upper": true
          },
          "sensitive_attributes": []
        }
      ]
    }
  ],
  "check_results": null
}
