
Microsoft Visual Studio Solution File, Format Version 12.00
# Visual Studio Version 17
VisualStudioVersion = 17.0.31903.59
MinimumVisualStudioVersion = 10.0.40219.1
Project("{FAE04EC0-301F-11D3-BF4B-00C04F79EFBC}") = "WeatherDashboard.API", "WeatherDashboard.API\WeatherDashboard.API.csproj", "{C0B24700-7FC8-474F-BC7C-C464E13AF26C}"
EndProject
Project("{FAE04EC0-301F-11D3-BF4B-00C04F79EFBC}") = "WeatherDashboard.Web", "WeatherDashboard.Web\WeatherDashboard.Web.csproj", "{C08B062E-37EA-4E95-AFB6-E334F3577EF4}"
EndProject
Global
	GlobalSection(SolutionConfigurationPlatforms) = preSolution
		Debug|Any CPU = Debug|Any CPU
		Release|Any CPU = Release|Any CPU
	EndGlobalSection
	GlobalSection(SolutionProperties) = preSolution
		HideSolutionNode = FALSE
	EndGlobalSection
	GlobalSection(ProjectConfigurationPlatforms) = postSolution
		{C0B24700-7FC8-474F-BC7C-C464E13AF26C}.Debug|Any CPU.ActiveCfg = Debug|Any CPU
		{C0B24700-7FC8-474F-BC7C-C464E13AF26C}.Debug|Any CPU.Build.0 = Debug|Any CPU
		{C0B24700-7FC8-474F-BC7C-C464E13AF26C}.Release|Any CPU.ActiveCfg = Release|Any CPU
		{C0B24700-7FC8-474F-BC7C-C464E13AF26C}.Release|Any CPU.Build.0 = Release|Any CPU
		{C08B062E-37EA-4E95-AFB6-E334F3577EF4}.Debug|Any CPU.ActiveCfg = Debug|Any CPU
		{C08B062E-37EA-4E95-AFB6-E334F3577EF4}.Debug|Any CPU.Build.0 = Debug|Any CPU
		{C08B062E-37EA-4E95-AFB6-E334F3577EF4}.Release|Any CPU.ActiveCfg = Release|Any CPU
		{C08B062E-37EA-4E95-AFB6-E334F3577EF4}.Release|Any CPU.Build.0 = Release|Any CPU
	EndGlobalSection
EndGlobal
